
Microsoft Visual Studio Solution File, Format Version 12.00
# Visual Studio Version 17
VisualStudioVersion = 17.13.35919.96 d17.13
MinimumVisualStudioVersion = 10.0.40219.1
Project("{FAE04EC0-301F-11D3-BF4B-00C04F79EFBC}") = "WebApplication1", "WebApplication1\WebApplication1.csproj", "{AD260D9A-739C-4365-A28C-946D454EFC0A}"
EndProject
Global
	GlobalSection(SolutionConfigurationPlatforms) = preSolution
		Debug|Any CPU = Debug|Any CPU
		Release|Any CPU = Release|Any CPU
	EndGlobalSection
	GlobalSection(ProjectConfigurationPlatforms) = postSolution
		{AD260D9A-739C-4365-A28C-946D454EFC0A}.Debug|Any CPU.ActiveCfg = Debug|Any CPU
		{AD260D9A-739C-4365-A28C-946D454EFC0A}.Debug|Any CPU.Build.0 = Debug|Any CPU
		{AD260D9A-739C-4365-A28C-946D454EFC0A}.Release|Any CPU.ActiveCfg = Release|Any CPU
		{AD260D9A-739C-4365-A28C-946D454EFC0A}.Release|Any CPU.Build.0 = Release|Any CPU
	EndGlobalSection
	GlobalSection(SolutionProperties) = preSolution
		HideSolutionNode = FALSE
	EndGlobalSection
	GlobalSection(ExtensibilityGlobals) = postSolution
		SolutionGuid = {CF0A7341-D8C1-4BEA-B06C-49B4A0721A2F}
	EndGlobalSection
EndGlobal
